
Microsoft Visual Studio Solution File, Format Version 12.00
# Visual Studio Version 17
VisualStudioVersion = 17.2.32616.157
MinimumVisualStudioVersion = 10.0.40219.1
Project("{FAE04EC0-301F-11D3-BF4B-00C04F79EFBC}") = "Panuon.WPF", "Panuon.WPF\Panuon.WPF.csproj", "{87A0E532-DE0A-4E4E-8A4D-9D8BF418027A}"
EndProject
Project("{2150E333-8FDC-42A3-9474-1A3956D46DE8}") = "SharedResources", "SharedResources", "{6981D9BE-103A-43E8-A000-E44BD3FF6AAF}"
EndProject
Project("{D954291E-2A0B-460D-934E-DC6B0785DB48}") = "Panuon.WPF", "..\SharedResources\Panuon.WPF\Panuon.WPF.shproj", "{D52B3A17-B005-4393-9256-F7ED7FDB457F}"
EndProject
Global
	GlobalSection(SolutionConfigurationPlatforms) = preSolution
		Debug|Any CPU = Debug|Any CPU
		Release|Any CPU = Release|Any CPU
	EndGlobalSection
	GlobalSection(ProjectConfigurationPlatforms) = postSolution
		{87A0E532-DE0A-4E4E-8A4D-9D8BF418027A}.Debug|Any CPU.ActiveCfg = Debug|Any CPU
		{87A0E532-DE0A-4E4E-8A4D-9D8BF418027A}.Debug|Any CPU.Build.0 = Debug|Any CPU
		{87A0E532-DE0A-4E4E-8A4D-9D8BF418027A}.Release|Any CPU.ActiveCfg = Release|Any CPU
		{87A0E532-DE0A-4E4E-8A4D-9D8BF418027A}.Release|Any CPU.Build.0 = Release|Any CPU
	EndGlobalSection
	GlobalSection(SolutionProperties) = preSolution
		HideSolutionNode = FALSE
	EndGlobalSection
	GlobalSection(NestedProjects) = preSolution
		{D52B3A17-B005-4393-9256-F7ED7FDB457F} = {6981D9BE-103A-43E8-A000-E44BD3FF6AAF}
	EndGlobalSection
	GlobalSection(ExtensibilityGlobals) = postSolution
		SolutionGuid = {94B12E2D-69DA-4B3B-9C40-7D79904D823B}
	EndGlobalSection
	GlobalSection(SharedMSBuildProjectFiles) = preSolution
		..\SharedResources\Panuon.WPF\Panuon.WPF.projitems*{87a0e532-de0a-4e4e-8a4d-9d8bf418027a}*SharedItemsImports = 4
		..\SharedResources\Panuon.WPF\Panuon.WPF.projitems*{d52b3a17-b005-4393-9256-f7ed7fdb457f}*SharedItemsImports = 13
	EndGlobalSection
EndGlobal
